github.com/dvyukov/go-fuzz v0.0.0-20191206100749-a378175e205c h1:/bXaeEuNG6V0HeyEGw11DYLW5BGsOPlcVRIXbHNUWSo=
github.com/dvyukov/go-fuzz v0.0.0-20191206100749-a378175e205c/go.mod h1:11Gm+ccJnvAhCNLlf5+cS9KjtbaD5I5zaZpFMsTHWTw=
github.com/dvyukov/go-fuzz v0.0.0-20200916044129-21309f307f61 h1:u7QPBOrJA2lSn2FBupeLsx8pLb7SpCfc6DCutrAo+v8=
github.com/dvyukov/go-fuzz v0.0.0-20200916044129-21309f307f61/go.mod h1:11Gm+ccJnvAhCNLlf5+cS9KjtbaD5I5zaZpFMsTHWTw=
