github.com/reusee/e5 v0.0.0-20230128094953-f2ff5c9c135a h1:gOeS2tmVYJq2ly5wbaQOk4x7Ubmxk39i+vgog279+wE=
github.com/reusee/e5 v0.0.0-20230128094953-f2ff5c9c135a/go.mod h1:kfVSDXYZocDqR1uRQfewKHmcLa/QtjGl/Ik0/vqhZ4s=
github.com/reusee/pr2 v0.0.0-20230306155640-52a016ca8efe h1:iVGGXDaTLhb37b9bxIBscw+gA8cwSP21WMhESzBVzmY=
github.com/reusee/pr2 v0.0.0-20230306155640-52a016ca8efe/go.mod h1:6h1FGSwxR3R6Ro1FuAenQMEq/nn+WoR6N32HByu2UhY=
